// !$*UTF8*$!
{
	archiveVersion = 1;
	classes = {
	};
	objectVersion = 56;
	objects = {

/* Begin PBXBuildFile section */
		CE59C79029DA476500DE4163 /* AppDelegate.swift in Sources */ = {isa = PBXBuildFile; fileRef = CE59C78F29DA476500DE4163 /* AppDelegate.swift */; };
		CE59C79229DA476500DE4163 /* SceneDelegate.swift in Sources */ = {isa = PBXBuildFile; fileRef = CE59C79129DA476500DE4163 /* SceneDelegate.swift */; };
		CE59C79429DA476500DE4163 /* UserViewController.swift in Sources */ = {isa = PBXBuildFile; fileRef = CE59C79329DA476500DE4163 /* UserViewController.swift */; };
		CE59C79729DA476500DE4163 /* Main.storyboard in Resources */ = {isa = PBXBuildFile; fileRef = CE59C79529DA476500DE4163 /* Main.storyboard */; };
		CE59C79929DA476700DE4163 /* Assets.xcassets in Resources */ = {isa = PBXBuildFile; fileRef = CE59C79829DA476700DE4163 /* Assets.xcassets */; };
		CE59C79C29DA476700DE4163 /* LaunchScreen.storyboard in Resources */ = {isa = PBXBuildFile; fileRef = CE59C79A29DA476700DE4163 /* LaunchScreen.storyboard */; };
		CE59C7A729DA47E800DE4163 /* Presenter.swift in Sources */ = {isa = PBXBuildFile; fileRef = CE59C7A629DA47E800DE4163 /* Presenter.swift */; };
		CE59C7A929DA485400DE4163 /* User.swift in Sources */ = {isa = PBXBuildFile; fileRef = CE59C7A829DA485400DE4163 /* User.swift */; };
/* End PBXBuildFile section */

/* Begin PBXFileReference section */
		CE59C78C29DA476500DE4163 /* MVP.app */ = {isa = PBXFileReference; explicitFileType = wrapper.application; includeInIndex = 0; path = MVP.app; sourceTree = BUILT_PRODUCTS_DIR; };
		CE59C78F29DA476500DE4163 /* AppDelegate.swift */ = {isa = PBXFileReference; lastKnownFileType = sourcecode.swift; path = AppDelegate.swift; sourceTree = "<group>"; };
		CE59C79129DA476500DE4163 /* SceneDelegate.swift */ = {isa = PBXFileReference; lastKnownFileType = sourcecode.swift; path = SceneDelegate.swift; sourceTree = "<group>"; };
		CE59C79329DA476500DE4163 /* UserViewController.swift */ = {isa = PBXFileReference; lastKnownFileType = sourcecode.swift; path = UserViewController.swift; sourceTree = "<group>"; };
		CE59C79629DA476500DE4163 /* Base */ = {isa = PBXFileReference; lastKnownFileType = file.storyboard; name = Base; path = Base.lproj/Main.storyboard; sourceTree = "<group>"; };
		CE59C79829DA476700DE4163 /* Assets.xcassets */ = {isa = PBXFileReference; lastKnownFileType = folder.assetcatalog; path = Assets.xcassets; sourceTree = "<group>"; };
		CE59C79B29DA476700DE4163 /* Base */ = {isa = PBXFileReference; lastKnownFileType = file.storyboard; name = Base; path = Base.lproj/LaunchScreen.storyboard; sourceTree = "<group>"; };
		CE59C79D29DA476700DE4163 /* Info.plist */ = {isa = PBXFileReference; lastKnownFileType = text.plist.xml; path = Info.plist; sourceTree = "<group>"; };
		CE59C7A629DA47E800DE4163 /* Presenter.swift */ = {isa = PBXFileReference; lastKnownFileType = sourcecode.swift; path = Presenter.swift; sourceTree = "<group>"; };
		CE59C7A829DA485400DE4163 /* User.swift */ = {isa = PBXFileReference; lastKnownFileType = sourcecode.swift; path = User.swift; sourceTree = "<group>"; };
/* End PBXFileReference section */

/* Begin PBXFrameworksBuildPhase section */
		CE59C78929DA476500DE4163 /* Frameworks */ = {
			isa = PBXFrameworksBuildPhase;
			buildActionMask = 2147483647;
			files = (
			);
			runOnlyForDeploymentPostprocessing = 0;
		};
/* End PBXFrameworksBuildPhase section */

/* Begin PBXGroup section */
		CE59C78329DA476500DE4163 = {
			isa = PBXGroup;
			children = (
				CE59C78E29DA476500DE4163 /* MVP */,
				CE59C78D29DA476500DE4163 /* Products */,
			);
			sourceTree = "<group>";
		};
		CE59C78D29DA476500DE4163 /* Products */ = {
			isa = PBXGroup;
			children = (
				CE59C78C29DA476500DE4163 /* MVP.app */,
			);
			name = Products;
			sourceTree = "<group>";
		};
		CE59C78E29DA476500DE4163 /* MVP */ = {
			isa = PBXGroup;
			children = (
				CE59C7A529DA47B700DE4163 /* Presenter */,
				CE59C7A429DA47B000DE4163 /* View */,
				CE59C7A329DA479E00DE4163 /* Model */,
				CE59C78F29DA476500DE4163 /* AppDelegate.swift */,
				CE59C79129DA476500DE4163 /* SceneDelegate.swift */,
				CE59C79529DA476500DE4163 /* Main.storyboard */,
				CE59C79829DA476700DE4163 /* Assets.xcassets */,
				CE59C79A29DA476700DE4163 /* LaunchScreen.storyboard */,
				CE59C79D29DA476700DE4163 /* Info.plist */,
			);
			path = MVP;
			sourceTree = "<group>";
		};
		CE59C7A329DA479E00DE4163 /* Model */ = {
			isa = PBXGroup;
			children = (
				CE59C7A829DA485400DE4163 /* User.swift */,
			);
			path = Model;
			sourceTree = "<group>";
		};
		CE59C7A429DA47B000DE4163 /* View */ = {
			isa = PBXGroup;
			children = (
				CE59C79329DA476500DE4163 /* UserViewController.swift */,
			);
			path = View;
			sourceTree = "<group>";
		};
		CE59C7A529DA47B700DE4163 /* Presenter */ = {
			isa = PBXGroup;
			children = (
				CE59C7A629DA47E800DE4163 /* Presenter.swift */,
			);
			path = Presenter;
			sourceTree = "<group>";
		};
/* End PBXGroup section */

/* Begin PBXNativeTarget section */
		CE59C78B29DA476500DE4163 /* MVP */ = {
			isa = PBXNativeTarget;
			buildConfigurationList = CE59C7A029DA476700DE4163 /* Build configuration list for PBXNativeTarget "MVP" */;
			buildPhases = (
				CE59C78829DA476500DE4163 /* Sources */,
				CE59C78929DA476500DE4163 /* Frameworks */,
				CE59C78A29DA476500DE4163 /* Resources */,
			);
			buildRules = (
			);
			dependencies = (
			);
			name = MVP;
			productName = MVP;
			productReference = CE59C78C29DA476500DE4163 /* MVP.app */;
			productType = "com.apple.product-type.application";
		};
/* End PBXNativeTarget section */

/* Begin PBXProject section */
		CE59C78429DA476500DE4163 /* Project object */ = {
			isa = PBXProject;
			attributes = {
				BuildIndependentTargetsInParallel = 1;
				LastSwiftUpdateCheck = 1420;
				LastUpgradeCheck = 1420;
				TargetAttributes = {
					CE59C78B29DA476500DE4163 = {
						CreatedOnToolsVersion = 14.2;
					};
				};
			};
			buildConfigurationList = CE59C78729DA476500DE4163 /* Build configuration list for PBXProject "MVP" */;
			compatibilityVersion = "Xcode 14.0";
			developmentRegion = en;
			hasScannedForEncodings = 0;
			knownRegions = (
				en,
				Base,
			);
			mainGroup = CE59C78329DA476500DE4163;
			productRefGroup = CE59C78D29DA476500DE4163 /* Products */;
			projectDirPath = "";
			projectRoot = "";
			targets = (
				CE59C78B29DA476500DE4163 /* MVP */,
			);
		};
/* End PBXProject section */

/* Begin PBXResourcesBuildPhase section */
		CE59C78A29DA476500DE4163 /* Resources */ = {
			isa = PBXResourcesBuildPhase;
			buildActionMask = 2147483647;
			files = (
				CE59C79C29DA476700DE4163 /* LaunchScreen.storyboard in Resources */,
				CE59C79929DA476700DE4163 /* Assets.xcassets in Resources */,
				CE59C79729DA476500DE4163 /* Main.storyboard in Resources */,
			);
			runOnlyForDeploymentPostprocessing = 0;
		};
/* End PBXResourcesBuildPhase section */

/* Begin PBXSourcesBuildPhase section */
		CE59C78829DA476500DE4163 /* Sources */ = {
			isa = PBXSourcesBuildPhase;
			buildActionMask = 2147483647;
			files = (
				CE59C79429DA476500DE4163 /* UserViewController.swift in Sources */,
				CE59C79029DA476500DE4163 /* AppDelegate.swift in Sources */,
				CE59C7A729DA47E800DE4163 /* Presenter.swift in Sources */,
				CE59C7A929DA485400DE4163 /* User.swift in Sources */,
				CE59C79229DA476500DE4163 /* SceneDelegate.swift in Sources */,
			);
			runOnlyForDeploymentPostprocessing = 0;
		};
/* End PBXSourcesBuildPhase section */

/* Begin PBXVariantGroup section */
		CE59C79529DA476500DE4163 /* Main.storyboard */ = {
			isa = PBXVariantGroup;
			children = (
				CE59C79629DA476500DE4163 /* Base */,
			);
			name = Main.storyboard;
			sourceTree = "<group>";
		};
		CE59C79A29DA476700DE4163 /* LaunchScreen.storyboard */ = {
			isa = PBXVariantGroup;
			children = (
				CE59C79B29DA476700DE4163 /* Base */,
			);
			name = LaunchScreen.storyboard;
			sourceTree = "<group>";
		};
/* End PBXVariantGroup section */

/* Begin XCBuildConfiguration section */
		CE59C79E29DA476700DE4163 /* Debug */ = {
			isa = XCBuildConfiguration;
			buildSettings = {
				ALWAYS_SEARCH_USER_PATHS = NO;
				CLANG_ANALYZER_NONNULL = YES;
				CLANG_ANALYZER_NUMBER_OBJECT_CONVERSION = YES_AGGRESSIVE;
				CLANG_CXX_LANGUAGE_STANDARD = "gnu++20";
				CLANG_ENABLE_MODULES = YES;
				CLANG_ENABLE_OBJC_ARC = YES;
				CLANG_ENABLE_OBJC_WEAK = YES;
				CLANG_WARN_BLOCK_CAPTURE_AUTORELEASING = YES;
				CLANG_WARN_BOOL_CONVERSION = YES;
				CLANG_WARN_COMMA = YES;
				CLANG_WARN_CONSTANT_CONVERSION = YES;
				CLANG_WARN_DEPRECATED_OBJC_IMPLEMENTATIONS = YES;
				CLANG_WARN_DIRECT_OBJC_ISA_USAGE = YES_ERROR;
				CLANG_WARN_DOCUMENTATION_COMMENTS = YES;
				CLANG_WARN_EMPTY_BODY = YES;
				CLANG_WARN_ENUM_CONVERSION = YES;
				CLANG_WARN_INFINITE_RECURSION = YES;
				CLANG_WARN_INT_CONVERSION = YES;
				CLANG_WARN_NON_LITERAL_NULL_CONVERSION = YES;
				CLANG_WARN_OBJC_IMPLICIT_RETAIN_SELF = YES;
				CLANG_WARN_OBJC_LITERAL_CONVERSION = YES;
				CLANG_WARN_OBJC_ROOT_CLASS = YES_ERROR;
				CLANG_WARN_QUOTED_INCLUDE_IN_FRAMEWORK_HEADER = YES;
				CLANG_WARN_RANGE_LOOP_ANALYSIS = YES;
				CLANG_WARN_STRICT_PROTOTYPES = YES;
				CLANG_WARN_SUSPICIOUS_MOVE = YES;
				CLANG_WARN_UNGUARDED_AVAILABILITY = YES_AGGRESSIVE;
				CLANG_WARN_UNREACHABLE_CODE = YES;
				CLANG_WARN__DUPLICATE_METHOD_MATCH = YES;
				COPY_PHASE_STRIP = NO;
				DEBUG_INFORMATION_FORMAT = dwarf;
				ENABLE_STRICT_OBJC_MSGSEND = YES;
				ENABLE_TESTABILITY = YES;
				GCC_C_LANGUAGE_STANDARD = gnu11;
				GCC_DYNAMIC_NO_PIC = NO;
				GCC_NO_COMMON_BLOCKS = YES;
				GCC_OPTIMIZATION_LEVEL = 0;
				GCC_PREPROCESSOR_DEFINITIONS = (
					"DEBUG=1",
					"$(inherited)",
				);
				GCC_WARN_64_TO_32_BIT_CONVERSION = YES;
				GCC_WARN_ABOUT_RETURN_TYPE = YES_ERROR;
				GCC_WARN_UNDECLARED_SELECTOR = YES;
				GCC_WARN_UNINITIALIZED_AUTOS = YES_AGGRESSIVE;
				GCC_WARN_UNUSED_FUNCTION = YES;
				GCC_WARN_UNUSED_VARIABLE = YES;
				IPHONEOS_DEPLOYMENT_TARGET = 16.2;
				MTL_ENABLE_DEBUG_INFO = INCLUDE_SOURCE;
				MTL_FAST_MATH = YES;
				ONLY_ACTIVE_ARCH = YES;
				SDKROOT = iphoneos;
				SWIFT_ACTIVE_COMPILATION_CONDITIONS = DEBUG;
				SWIFT_OPTIMIZATION_LEVEL = "-Onone";
			};
			name = Debug;
		};
		CE59C79F29DA476700DE4163 /* Release */ = {
			isa = XCBuildConfiguration;
			buildSettings = {
				ALWAYS_SEARCH_USER_PATHS = NO;
				CLANG_ANALYZER_NONNULL = YES;
				CLANG_ANALYZER_NUMBER_OBJECT_CONVERSION = YES_AGGRESSIVE;
				CLANG_CXX_LANGUAGE_STANDARD = "gnu++20";
				CLANG_ENABLE_MODULES = YES;
				CLANG_ENABLE_OBJC_ARC = YES;
				CLANG_ENABLE_OBJC_WEAK = YES;
				CLANG_WARN_BLOCK_CAPTURE_AUTORELEASING = YES;
				CLANG_WARN_BOOL_CONVERSION = YES;
				CLANG_WARN_COMMA = YES;
				CLANG_WARN_CONSTANT_CONVERSION = YES;
				CLANG_WARN_DEPRECATED_OBJC_IMPLEMENTATIONS = YES;
				CLANG_WARN_DIRECT_OBJC_ISA_USAGE = YES_ERROR;
				CLANG_WARN_DOCUMENTATION_COMMENTS = YES;
				CLANG_WARN_EMPTY_BODY = YES;
				CLANG_WARN_ENUM_CONVERSION = YES;
				CLANG_WARN_INFINITE_RECURSION = YES;
				CLANG_WARN_INT_CONVERSION = YES;
				CLANG_WARN_NON_LITERAL_NULL_CONVERSION = YES;
				CLANG_WARN_OBJC_IMPLICIT_RETAIN_SELF = YES;
				CLANG_WARN_OBJC_LITERAL_CONVERSION = YES;
				CLANG_WARN_OBJC_ROOT_CLASS = YES_ERROR;
				CLANG_WARN_QUOTED_INCLUDE_IN_FRAMEWORK_HEADER = YES;
				CLANG_WARN_RANGE_LOOP_ANALYSIS = YES;
				CLANG_WARN_STRICT_PROTOTYPES = YES;
				CLANG_WARN_SUSPICIOUS_MOVE = YES;
				CLANG_WARN_UNGUARDED_AVAILABILITY = YES_AGGRESSIVE;
				CLANG_WARN_UNREACHABLE_CODE = YES;
				CLANG_WARN__DUPLICATE_METHOD_MATCH = YES;
				COPY_PHASE_STRIP = NO;
				DEBUG_INFORMATION_FORMAT = "dwarf-with-dsym";
				ENABLE_NS_ASSERTIONS = NO;
				ENABLE_STRICT_OBJC_MSGSEND = YES;
				GCC_C_LANGUAGE_STANDARD = gnu11;
				GCC_NO_COMMON_BLOCKS = YES;
				GCC_WARN_64_TO_32_BIT_CONVERSION = YES;
				GCC_WARN_ABOUT_RETURN_TYPE = YES_ERROR;
				GCC_WARN_UNDECLARED_SELECTOR = YES;
				GCC_WARN_UNINITIALIZED_AUTOS = YES_AGGRESSIVE;
				GCC_WARN_UNUSED_FUNCTION = YES;
				GCC_WARN_UNUSED_VARIABLE = YES;
				IPHONEOS_DEPLOYMENT_TARGET = 16.2;
				MTL_ENABLE_DEBUG_INFO = NO;
				MTL_FAST_MATH = YES;
				SDKROOT = iphoneos;
				SWIFT_COMPILATION_MODE = wholemodule;
				SWIFT_OPTIMIZATION_LEVEL = "-O";
				VALIDATE_PRODUCT = YES;
			};
			name = Release;
		};
		CE59C7A129DA476700DE4163 /* Debug */ = {
			isa = XCBuildConfiguration;
			buildSettings = {
				ASSETCATALOG_COMPILER_APPICON_NAME = AppIcon;
				ASSETCATALOG_COMPILER_GLOBAL_ACCENT_COLOR_NAME = AccentColor;
				CODE_SIGN_STYLE = Automatic;
				CURRENT_PROJECT_VERSION = 1;
				DEVELOPMENT_TEAM = VZQL275L7V;
				EXCLUDED_ARCHS = arm64;
				GENERATE_INFOPLIST_FILE = YES;
				INFOPLIST_FILE = MVP/Info.plist;
				INFOPLIST_KEY_UIApplicationSupportsIndirectInputEvents = YES;
				INFOPLIST_KEY_UILaunchStoryboardName = LaunchScreen;
				INFOPLIST_KEY_UIMainStoryboardFile = Main;
				INFOPLIST_KEY_UISupportedInterfaceOrientations_iPad = "UIInterfaceOrientationPortrait UIInterfaceOrientationPortraitUpsideDown UIInterfaceOrientationLandscapeLeft UIInterfaceOrientationLandscapeRight";
				INFOPLIST_KEY_UISupportedInterfaceOrientations_iPhone = "UIInterfaceOrientationPortrait UIInterfaceOrientationLandscapeLeft UIInterfaceOrientationLandscapeRight";
				LD_RUNPATH_SEARCH_PATHS = (
					"$(inherited)",
					"@executable_path/Frameworks",
				);
				MARKETING_VERSION = 1.0;
				PRODUCT_BUNDLE_IDENTIFIER = com.MVP;
				PRODUCT_NAME = "$(TARGET_NAME)";
				SWIFT_EMIT_LOC_STRINGS = YES;
				SWIFT_VERSION = 5.0;
				TARGETED_DEVICE_FAMILY = "1,2";
			};
			name = Debug;
		};
		CE59C7A229DA476700DE4163 /* Release */ = {
			isa = XCBuildConfiguration;
			buildSettings = {
				ASSETCATALOG_COMPILER_APPICON_NAME = AppIcon;
				ASSETCATALOG_COMPILER_GLOBAL_ACCENT_COLOR_NAME = AccentColor;
				CODE_SIGN_STYLE = Automatic;
				CURRENT_PROJECT_VERSION = 1;
				DEVELOPMENT_TEAM = VZQL275L7V;
				EXCLUDED_ARCHS = arm64;
				GENERATE_INFOPLIST_FILE = YES;
				INFOPLIST_FILE = MVP/Info.plist;
				INFOPLIST_KEY_UIApplicationSupportsIndirectInputEvents = YES;
				INFOPLIST_KEY_UILaunchStoryboardName = LaunchScreen;
				INFOPLIST_KEY_UIMainStoryboardFile = Main;
				INFOPLIST_KEY_UISupportedInterfaceOrientations_iPad = "UIInterfaceOrientationPortrait UIInterfaceOrientationPortraitUpsideDown UIInterfaceOrientationLandscapeLeft UIInterfaceOrientationLandscapeRight";
				INFOPLIST_KEY_UISupportedInterfaceOrientations_iPhone = "UIInterfaceOrientationPortrait UIInterfaceOrientationLandscapeLeft UIInterfaceOrientationLandscapeRight";
				LD_RUNPATH_SEARCH_PATHS = (
					"$(inherited)",
					"@executable_path/Frameworks",
				);
				MARKETING_VERSION = 1.0;
				PRODUCT_BUNDLE_IDENTIFIER = com.MVP;
				PRODUCT_NAME = "$(TARGET_NAME)";
				SWIFT_EMIT_LOC_STRINGS = YES;
				SWIFT_VERSION = 5.0;
				TARGETED_DEVICE_FAMILY = "1,2";
			};
			name = Release;
		};
/* End XCBuildConfiguration section */

/* Begin XCConfigurationList section */
		CE59C78729DA476500DE4163 /* Build configuration list for PBXProject "MVP" */ = {
			isa = XCConfigurationList;
			buildConfigurations = (
				CE59C79E29DA476700DE4163 /* Debug */,
				CE59C79F29DA476700DE4163 /* Release */,
			);
			defaultConfigurationIsVisible = 0;
			defaultConfigurationName = Release;
		};
		CE59C7A029DA476700DE4163 /* Build configuration list for PBXNativeTarget "MVP" */ = {
			isa = XCConfigurationList;
			buildConfigurations = (
				CE59C7A129DA476700DE4163 /* Debug */,
				CE59C7A229DA476700DE4163 /* Release */,
			);
			defaultConfigurationIsVisible = 0;
			defaultConfigurationName = Release;
		};
/* End XCConfigurationList section */
	};
	rootObject = CE59C78429DA476500DE4163 /* Project object */;
}
